
Microsoft Visual Studio Solution File, Format Version 12.00
# Visual Studio Version 17
VisualStudioVersion = 17.11.35312.102
MinimumVisualStudioVersion = 10.0.40219.1
Project("{FAE04EC0-301F-11D3-BF4B-00C04F79EFBC}") = "App1", "App1\App1.csproj", "{99CECB39-07BC-4714-A2BC-0DEA785DC1CD}"
EndProject
Global
	GlobalSection(SolutionConfigurationPlatforms) = preSolution
		Debug|Any CPU = Debug|Any CPU
		Release|Any CPU = Release|Any CPU
	EndGlobalSection
	GlobalSection(ProjectConfigurationPlatforms) = postSolution
		{99CECB39-07BC-4714-A2BC-0DEA785DC1CD}.Debug|Any CPU.ActiveCfg = Debug|Any CPU
		{99CECB39-07BC-4714-A2BC-0DEA785DC1CD}.Debug|Any CPU.Build.0 = Debug|Any CPU
		{99CECB39-07BC-4714-A2BC-0DEA785DC1CD}.Debug|Any CPU.Deploy.0 = Debug|Any CPU
		{99CECB39-07BC-4714-A2BC-0DEA785DC1CD}.Release|Any CPU.ActiveCfg = Release|Any CPU
		{99CECB39-07BC-4714-A2BC-0DEA785DC1CD}.Release|Any CPU.Build.0 = Release|Any CPU
		{99CECB39-07BC-4714-A2BC-0DEA785DC1CD}.Release|Any CPU.Deploy.0 = Release|Any CPU
	EndGlobalSection
	GlobalSection(SolutionProperties) = preSolution
		HideSolutionNode = FALSE
	EndGlobalSection
	GlobalSection(ExtensibilityGlobals) = postSolution
		SolutionGuid = {A4F85FD1-D795-4ECB-AE10-A9BCF7D2AA8D}
	EndGlobalSection
EndGlobal
